// !$*UTF8*$!
{
	archiveVersion = 1;
	classes = {
	};
	objectVersion = 55;
	objects = {

/* Begin PBXBuildFile section */
		5B29DE5488844183BF103A85 /* Pods_instagram_codepath.framework in Frameworks */ = {isa = PBXBuildFile; fileRef = 4670F3AF23D63E4AAA6A33D8 /* Pods_instagram_codepath.framework */; };
		9E2CC78F28F5E15A00441A2E /* AppDelegate.swift in Sources */ = {isa = PBXBuildFile; fileRef = 9E2CC78E28F5E15A00441A2E /* AppDelegate.swift */; };
		9E2CC79128F5E15A00441A2E /* SceneDelegate.swift in Sources */ = {isa = PBXBuildFile; fileRef = 9E2CC79028F5E15A00441A2E /* SceneDelegate.swift */; };
		9E2CC79628F5E15A00441A2E /* Main.storyboard in Resources */ = {isa = PBXBuildFile; fileRef = 9E2CC79428F5E15A00441A2E /* Main.storyboard */; };
		9E2CC79828F5E15F00441A2E /* Assets.xcassets in Resources */ = {isa = PBXBuildFile; fileRef = 9E2CC79728F5E15F00441A2E /* Assets.xcassets */; };
		9E2CC79B28F5E15F00441A2E /* LaunchScreen.storyboard in Resources */ = {isa = PBXBuildFile; fileRef = 9E2CC79928F5E15F00441A2E /* LaunchScreen.storyboard */; };
		9E2CC7A328F5E95F00441A2E /* LoginViewController.swift in Sources */ = {isa = PBXBuildFile; fileRef = 9E2CC7A228F5E95F00441A2E /* LoginViewController.swift */; };
		9E2CC7A528F5E96B00441A2E /* FeedViewController.swift in Sources */ = {isa = PBXBuildFile; fileRef = 9E2CC7A428F5E96B00441A2E /* FeedViewController.swift */; };
		9E2CC7A728F5F25F00441A2E /* CameraViewController.swift in Sources */ = {isa = PBXBuildFile; fileRef = 9E2CC7A628F5F25E00441A2E /* CameraViewController.swift */; };
		9E2CC7A928F6003100441A2E /* PostCell.swift in Sources */ = {isa = PBXBuildFile; fileRef = 9E2CC7A828F6003100441A2E /* PostCell.swift */; };
/* End PBXBuildFile section */

/* Begin PBXFileReference section */
		44FF6B8BA8CC5297DE8CAEDF /* Pods-instagram_codepath.debug.xcconfig */ = {isa = PBXFileReference; includeInIndex = 1; lastKnownFileType = text.xcconfig; name = "Pods-instagram_codepath.debug.xcconfig"; path = "Target Support Files/Pods-instagram_codepath/Pods-instagram_codepath.debug.xcconfig"; sourceTree = "<group>"; };
		4670F3AF23D63E4AAA6A33D8 /* Pods_instagram_codepath.framework */ = {isa = PBXFileReference; explicitFileType = wrapper.framework; includeInIndex = 0; path = Pods_instagram_codepath.framework; sourceTree = BUILT_PRODUCTS_DIR; };
		9E2CC78B28F5E15A00441A2E /* instagram_codepath.app */ = {isa = PBXFileReference; explicitFileType = wrapper.application; includeInIndex = 0; path = instagram_codepath.app; sourceTree = BUILT_PRODUCTS_DIR; };
		9E2CC78E28F5E15A00441A2E /* AppDelegate.swift */ = {isa = PBXFileReference; lastKnownFileType = sourcecode.swift; path = AppDelegate.swift; sourceTree = "<group>"; };
		9E2CC79028F5E15A00441A2E /* SceneDelegate.swift */ = {isa = PBXFileReference; lastKnownFileType = sourcecode.swift; path = SceneDelegate.swift; sourceTree = "<group>"; };
		9E2CC79528F5E15A00441A2E /* Base */ = {isa = PBXFileReference; lastKnownFileType = file.storyboard; name = Base; path = Base.lproj/Main.storyboard; sourceTree = "<group>"; };
		9E2CC79728F5E15F00441A2E /* Assets.xcassets */ = {isa = PBXFileReference; lastKnownFileType = folder.assetcatalog; path = Assets.xcassets; sourceTree = "<group>"; };
		9E2CC79A28F5E15F00441A2E /* Base */ = {isa = PBXFileReference; lastKnownFileType = file.storyboard; name = Base; path = Base.lproj/LaunchScreen.storyboard; sourceTree = "<group>"; };
		9E2CC79C28F5E15F00441A2E /* Info.plist */ = {isa = PBXFileReference; lastKnownFileType = text.plist.xml; path = Info.plist; sourceTree = "<group>"; };
		9E2CC7A228F5E95F00441A2E /* LoginViewController.swift */ = {isa = PBXFileReference; lastKnownFileType = sourcecode.swift; path = LoginViewController.swift; sourceTree = "<group>"; };
		9E2CC7A428F5E96B00441A2E /* FeedViewController.swift */ = {isa = PBXFileReference; lastKnownFileType = sourcecode.swift; path = FeedViewController.swift; sourceTree = "<group>"; };
		9E2CC7A628F5F25E00441A2E /* CameraViewController.swift */ = {isa = PBXFileReference; lastKnownFileType = sourcecode.swift; path = CameraViewController.swift; sourceTree = "<group>"; };
		9E2CC7A828F6003100441A2E /* PostCell.swift */ = {isa = PBXFileReference; lastKnownFileType = sourcecode.swift; path = PostCell.swift; sourceTree = "<group>"; };
		C76338649E7645D99CC35342 /* Pods-instagram_codepath.release.xcconfig */ = {isa = PBXFileReference; includeInIndex = 1; lastKnownFileType = text.xcconfig; name = "Pods-instagram_codepath.release.xcconfig"; path = "Target Support Files/Pods-instagram_codepath/Pods-instagram_codepath.release.xcconfig"; sourceTree = "<group>"; };
/* End PBXFileReference section */

/* Begin PBXFrameworksBuildPhase section */
		9E2CC78828F5E15A00441A2E /* Frameworks */ = {
			isa = PBXFrameworksBuildPhase;
			buildActionMask = 2147483647;
			files = (
				5B29DE5488844183BF103A85 /* Pods_instagram_codepath.framework in Frameworks */,
			);
			runOnlyForDeploymentPostprocessing = 0;
		};
/* End PBXFrameworksBuildPhase section */

/* Begin PBXGroup section */
		10E834129CAD43BF1B2B2585 /* Frameworks */ = {
			isa = PBXGroup;
			children = (
				4670F3AF23D63E4AAA6A33D8 /* Pods_instagram_codepath.framework */,
			);
			name = Frameworks;
			sourceTree = "<group>";
		};
		9E2CC78228F5E15A00441A2E = {
			isa = PBXGroup;
			children = (
				9E2CC78D28F5E15A00441A2E /* instagram_codepath */,
				9E2CC78C28F5E15A00441A2E /* Products */,
				9F4DD04622487EFD9CE98E88 /* Pods */,
				10E834129CAD43BF1B2B2585 /* Frameworks */,
			);
			sourceTree = "<group>";
		};
		9E2CC78C28F5E15A00441A2E /* Products */ = {
			isa = PBXGroup;
			children = (
				9E2CC78B28F5E15A00441A2E /* instagram_codepath.app */,
			);
			name = Products;
			sourceTree = "<group>";
		};
		9E2CC78D28F5E15A00441A2E /* instagram_codepath */ = {
			isa = PBXGroup;
			children = (
				9E2CC78E28F5E15A00441A2E /* AppDelegate.swift */,
				9E2CC79028F5E15A00441A2E /* SceneDelegate.swift */,
				9E2CC79428F5E15A00441A2E /* Main.storyboard */,
				9E2CC79728F5E15F00441A2E /* Assets.xcassets */,
				9E2CC79928F5E15F00441A2E /* LaunchScreen.storyboard */,
				9E2CC79C28F5E15F00441A2E /* Info.plist */,
				9E2CC7A228F5E95F00441A2E /* LoginViewController.swift */,
				9E2CC7A428F5E96B00441A2E /* FeedViewController.swift */,
				9E2CC7A628F5F25E00441A2E /* CameraViewController.swift */,
				9E2CC7A828F6003100441A2E /* PostCell.swift */,
			);
			path = instagram_codepath;
			sourceTree = "<group>";
		};
		9F4DD04622487EFD9CE98E88 /* Pods */ = {
			isa = PBXGroup;
			children = (
				44FF6B8BA8CC5297DE8CAEDF /* Pods-instagram_codepath.debug.xcconfig */,
				C76338649E7645D99CC35342 /* Pods-instagram_codepath.release.xcconfig */,
			);
			path = Pods;
			sourceTree = "<group>";
		};
/* End PBXGroup section */

/* Begin PBXNativeTarget section */
		9E2CC78A28F5E15A00441A2E /* instagram_codepath */ = {
			isa = PBXNativeTarget;
			buildConfigurationList = 9E2CC79F28F5E15F00441A2E /* Build configuration list for PBXNativeTarget "instagram_codepath" */;
			buildPhases = (
				9F90DDB500D13CA53E0B798C /* [CP] Check Pods Manifest.lock */,
				9E2CC78728F5E15A00441A2E /* Sources */,
				9E2CC78828F5E15A00441A2E /* Frameworks */,
				9E2CC78928F5E15A00441A2E /* Resources */,
				FD7D308A4FE6C1F8283007E9 /* [CP] Embed Pods Frameworks */,
			);
			buildRules = (
			);
			dependencies = (
			);
			name = instagram_codepath;
			productName = instagram_codepath;
			productReference = 9E2CC78B28F5E15A00441A2E /* instagram_codepath.app */;
			productType = "com.apple.product-type.application";
		};
/* End PBXNativeTarget section */

/* Begin PBXProject section */
		9E2CC78328F5E15A00441A2E /* Project object */ = {
			isa = PBXProject;
			attributes = {
				BuildIndependentTargetsInParallel = 1;
				LastSwiftUpdateCheck = 1340;
				LastUpgradeCheck = 1340;
				TargetAttributes = {
					9E2CC78A28F5E15A00441A2E = {
						CreatedOnToolsVersion = 13.4.1;
					};
				};
			};
			buildConfigurationList = 9E2CC78628F5E15A00441A2E /* Build configuration list for PBXProject "instagram_codepath" */;
			compatibilityVersion = "Xcode 13.0";
			developmentRegion = en;
			hasScannedForEncodings = 0;
			knownRegions = (
				en,
				Base,
			);
			mainGroup = 9E2CC78228F5E15A00441A2E;
			productRefGroup = 9E2CC78C28F5E15A00441A2E /* Products */;
			projectDirPath = "";
			projectRoot = "";
			targets = (
				9E2CC78A28F5E15A00441A2E /* instagram_codepath */,
			);
		};
/* End PBXProject section */

/* Begin PBXResourcesBuildPhase section */
		9E2CC78928F5E15A00441A2E /* Resources */ = {
			isa = PBXResourcesBuildPhase;
			buildActionMask = 2147483647;
			files = (
				9E2CC79B28F5E15F00441A2E /* LaunchScreen.storyboard in Resources */,
				9E2CC79828F5E15F00441A2E /* Assets.xcassets in Resources */,
				9E2CC79628F5E15A00441A2E /* Main.storyboard in Resources */,
			);
			runOnlyForDeploymentPostprocessing = 0;
		};
/* End PBXResourcesBuildPhase section */

/* Begin PBXShellScriptBuildPhase section */
		9F90DDB500D13CA53E0B798C /* [CP] Check Pods Manifest.lock */ = {
			isa = PBXShellScriptBuildPhase;
			buildActionMask = 2147483647;
			files = (
			);
			inputFileListPaths = (
			);
			inputPaths = (
				"${PODS_PODFILE_DIR_PATH}/Podfile.lock",
				"${PODS_ROOT}/Manifest.lock",
			);
			name = "[CP] Check Pods Manifest.lock";
			outputFileListPaths = (
			);
			outputPaths = (
				"$(DERIVED_FILE_DIR)/Pods-instagram_codepath-checkManifestLockResult.txt",
			);
			runOnlyForDeploymentPostprocessing = 0;
			shellPath = /bin/sh;
			shellScript = "diff \"${PODS_PODFILE_DIR_PATH}/Podfile.lock\" \"${PODS_ROOT}/Manifest.lock\" > /dev/null\nif [ $? != 0 ] ; then\n    # print error to STDERR\n    echo \"error: The sandbox is not in sync with the Podfile.lock. Run 'pod install' or update your CocoaPods installation.\" >&2\n    exit 1\nfi\n# This output is used by Xcode 'outputs' to avoid re-running this script phase.\necho \"SUCCESS\" > \"${SCRIPT_OUTPUT_FILE_0}\"\n";
			showEnvVarsInLog = 0;
		};
		FD7D308A4FE6C1F8283007E9 /* [CP] Embed Pods Frameworks */ = {
			isa = PBXShellScriptBuildPhase;
			buildActionMask = 2147483647;
			files = (
			);
			inputFileListPaths = (
				"${PODS_ROOT}/Target Support Files/Pods-instagram_codepath/Pods-instagram_codepath-frameworks-${CONFIGURATION}-input-files.xcfilelist",
			);
			name = "[CP] Embed Pods Frameworks";
			outputFileListPaths = (
				"${PODS_ROOT}/Target Support Files/Pods-instagram_codepath/Pods-instagram_codepath-frameworks-${CONFIGURATION}-output-files.xcfilelist",
			);
			runOnlyForDeploymentPostprocessing = 0;
			shellPath = /bin/sh;
			shellScript = "\"${PODS_ROOT}/Target Support Files/Pods-instagram_codepath/Pods-instagram_codepath-frameworks.sh\"\n";
			showEnvVarsInLog = 0;
		};
/* End PBXShellScriptBuildPhase section */

/* Begin PBXSourcesBuildPhase section */
		9E2CC78728F5E15A00441A2E /* Sources */ = {
			isa = PBXSourcesBuildPhase;
			buildActionMask = 2147483647;
			files = (
				9E2CC7A328F5E95F00441A2E /* LoginViewController.swift in Sources */,
				9E2CC7A728F5F25F00441A2E /* CameraViewController.swift in Sources */,
				9E2CC78F28F5E15A00441A2E /* AppDelegate.swift in Sources */,
				9E2CC7A528F5E96B00441A2E /* FeedViewController.swift in Sources */,
				9E2CC79128F5E15A00441A2E /* SceneDelegate.swift in Sources */,
				9E2CC7A928F6003100441A2E /* PostCell.swift in Sources */,
			);
			runOnlyForDeploymentPostprocessing = 0;
		};
/* End PBXSourcesBuildPhase section */

/* Begin PBXVariantGroup section */
		9E2CC79428F5E15A00441A2E /* Main.storyboard */ = {
			isa = PBXVariantGroup;
			children = (
				9E2CC79528F5E15A00441A2E /* Base */,
			);
			name = Main.storyboard;
			sourceTree = "<group>";
		};
		9E2CC79928F5E15F00441A2E /* LaunchScreen.storyboard */ = {
			isa = PBXVariantGroup;
			children = (
				9E2CC79A28F5E15F00441A2E /* Base */,
			);
			name = LaunchScreen.storyboard;
			sourceTree = "<group>";
		};
/* End PBXVariantGroup section */

/* Begin XCBuildConfiguration section */
		9E2CC79D28F5E15F00441A2E /* Debug */ = {
			isa = XCBuildConfiguration;
			buildSettings = {
				ALWAYS_SEARCH_USER_PATHS = NO;
				CLANG_ANALYZER_NONNULL = YES;
				CLANG_ANALYZER_NUMBER_OBJECT_CONVERSION = YES_AGGRESSIVE;
				CLANG_CXX_LANGUAGE_STANDARD = "gnu++17";
				CLANG_ENABLE_MODULES = YES;
				CLANG_ENABLE_OBJC_ARC = YES;
				CLANG_ENABLE_OBJC_WEAK = YES;
				CLANG_WARN_BLOCK_CAPTURE_AUTORELEASING = YES;
				CLANG_WARN_BOOL_CONVERSION = YES;
				CLANG_WARN_COMMA = YES;
				CLANG_WARN_CONSTANT_CONVERSION = YES;
				CLANG_WARN_DEPRECATED_OBJC_IMPLEMENTATIONS = YES;
				CLANG_WARN_DIRECT_OBJC_ISA_USAGE = YES_ERROR;
				CLANG_WARN_DOCUMENTATION_COMMENTS = YES;
				CLANG_WARN_EMPTY_BODY = YES;
				CLANG_WARN_ENUM_CONVERSION = YES;
				CLANG_WARN_INFINITE_RECURSION = YES;
				CLANG_WARN_INT_CONVERSION = YES;
				CLANG_WARN_NON_LITERAL_NULL_CONVERSION = YES;
				CLANG_WARN_OBJC_IMPLICIT_RETAIN_SELF = YES;
				CLANG_WARN_OBJC_LITERAL_CONVERSION = YES;
				CLANG_WARN_OBJC_ROOT_CLASS = YES_ERROR;
				CLANG_WARN_QUOTED_INCLUDE_IN_FRAMEWORK_HEADER = YES;
				CLANG_WARN_RANGE_LOOP_ANALYSIS = YES;
				CLANG_WARN_STRICT_PROTOTYPES = YES;
				CLANG_WARN_SUSPICIOUS_MOVE = YES;
				CLANG_WARN_UNGUARDED_AVAILABILITY = YES_AGGRESSIVE;
				CLANG_WARN_UNREACHABLE_CODE = YES;
				CLANG_WARN__DUPLICATE_METHOD_MATCH = YES;
				COPY_PHASE_STRIP = NO;
				DEBUG_INFORMATION_FORMAT = dwarf;
				ENABLE_STRICT_OBJC_MSGSEND = YES;
				ENABLE_TESTABILITY = YES;
				GCC_C_LANGUAGE_STANDARD = gnu11;
				GCC_DYNAMIC_NO_PIC = NO;
				GCC_NO_COMMON_BLOCKS = YES;
				GCC_OPTIMIZATION_LEVEL = 0;
				GCC_PREPROCESSOR_DEFINITIONS = (
					"DEBUG=1",
					"$(inherited)",
				);
				GCC_WARN_64_TO_32_BIT_CONVERSION = YES;
				GCC_WARN_ABOUT_RETURN_TYPE = YES_ERROR;
				GCC_WARN_UNDECLARED_SELECTOR = YES;
				GCC_WARN_UNINITIALIZED_AUTOS = YES_AGGRESSIVE;
				GCC_WARN_UNUSED_FUNCTION = YES;
				GCC_WARN_UNUSED_VARIABLE = YES;
				IPHONEOS_DEPLOYMENT_TARGET = 15.5;
				MTL_ENABLE_DEBUG_INFO = INCLUDE_SOURCE;
				MTL_FAST_MATH = YES;
				ONLY_ACTIVE_ARCH = YES;
				SDKROOT = iphoneos;
				SWIFT_ACTIVE_COMPILATION_CONDITIONS = DEBUG;
				SWIFT_OPTIMIZATION_LEVEL = "-Onone";
			};
			name = Debug;
		};
		9E2CC79E28F5E15F00441A2E /* Release */ = {
			isa = XCBuildConfiguration;
			buildSettings = {
				ALWAYS_SEARCH_USER_PATHS = NO;
				CLANG_ANALYZER_NONNULL = YES;
				CLANG_ANALYZER_NUMBER_OBJECT_CONVERSION = YES_AGGRESSIVE;
				CLANG_CXX_LANGUAGE_STANDARD = "gnu++17";
				CLANG_ENABLE_MODULES = YES;
				CLANG_ENABLE_OBJC_ARC = YES;
				CLANG_ENABLE_OBJC_WEAK = YES;
				CLANG_WARN_BLOCK_CAPTURE_AUTORELEASING = YES;
				CLANG_WARN_BOOL_CONVERSION = YES;
				CLANG_WARN_COMMA = YES;
				CLANG_WARN_CONSTANT_CONVERSION = YES;
				CLANG_WARN_DEPRECATED_OBJC_IMPLEMENTATIONS = YES;
				CLANG_WARN_DIRECT_OBJC_ISA_USAGE = YES_ERROR;
				CLANG_WARN_DOCUMENTATION_COMMENTS = YES;
				CLANG_WARN_EMPTY_BODY = YES;
				CLANG_WARN_ENUM_CONVERSION = YES;
				CLANG_WARN_INFINITE_RECURSION = YES;
				CLANG_WARN_INT_CONVERSION = YES;
				CLANG_WARN_NON_LITERAL_NULL_CONVERSION = YES;
				CLANG_WARN_OBJC_IMPLICIT_RETAIN_SELF = YES;
				CLANG_WARN_OBJC_LITERAL_CONVERSION = YES;
				CLANG_WARN_OBJC_ROOT_CLASS = YES_ERROR;
				CLANG_WARN_QUOTED_INCLUDE_IN_FRAMEWORK_HEADER = YES;
				CLANG_WARN_RANGE_LOOP_ANALYSIS = YES;
				CLANG_WARN_STRICT_PROTOTYPES = YES;
				CLANG_WARN_SUSPICIOUS_MOVE = YES;
				CLANG_WARN_UNGUARDED_AVAILABILITY = YES_AGGRESSIVE;
				CLANG_WARN_UNREACHABLE_CODE = YES;
				CLANG_WARN__DUPLICATE_METHOD_MATCH = YES;
				COPY_PHASE_STRIP = NO;
				DEBUG_INFORMATION_FORMAT = "dwarf-with-dsym";
				ENABLE_NS_ASSERTIONS = NO;
				ENABLE_STRICT_OBJC_MSGSEND = YES;
				GCC_C_LANGUAGE_STANDARD = gnu11;
				GCC_NO_COMMON_BLOCKS = YES;
				GCC_WARN_64_TO_32_BIT_CONVERSION = YES;
				GCC_WARN_ABOUT_RETURN_TYPE = YES_ERROR;
				GCC_WARN_UNDECLARED_SELECTOR = YES;
				GCC_WARN_UNINITIALIZED_AUTOS = YES_AGGRESSIVE;
				GCC_WARN_UNUSED_FUNCTION = YES;
				GCC_WARN_UNUSED_VARIABLE = YES;
				IPHONEOS_DEPLOYMENT_TARGET = 15.5;
				MTL_ENABLE_DEBUG_INFO = NO;
				MTL_FAST_MATH = YES;
				SDKROOT = iphoneos;
				SWIFT_COMPILATION_MODE = wholemodule;
				SWIFT_OPTIMIZATION_LEVEL = "-O";
				VALIDATE_PRODUCT = YES;
			};
			name = Release;
		};
		9E2CC7A028F5E15F00441A2E /* Debug */ = {
			isa = XCBuildConfiguration;
			baseConfigurationReference = 44FF6B8BA8CC5297DE8CAEDF /* Pods-instagram_codepath.debug.xcconfig */;
			buildSettings = {
				ASSETCATALOG_COMPILER_APPICON_NAME = AppIcon;
				ASSETCATALOG_COMPILER_GLOBAL_ACCENT_COLOR_NAME = AccentColor;
				CODE_SIGN_STYLE = Automatic;
				CURRENT_PROJECT_VERSION = 1;
				DEVELOPMENT_TEAM = B97G3S8YUD;
				GENERATE_INFOPLIST_FILE = YES;
				INFOPLIST_FILE = instagram_codepath/Info.plist;
				INFOPLIST_KEY_UIApplicationSupportsIndirectInputEvents = YES;
				INFOPLIST_KEY_UILaunchStoryboardName = LaunchScreen;
				INFOPLIST_KEY_UIMainStoryboardFile = Main;
				INFOPLIST_KEY_UISupportedInterfaceOrientations_iPad = "UIInterfaceOrientationPortrait UIInterfaceOrientationPortraitUpsideDown UIInterfaceOrientationLandscapeLeft UIInterfaceOrientationLandscapeRight";
				INFOPLIST_KEY_UISupportedInterfaceOrientations_iPhone = "UIInterfaceOrientationPortrait UIInterfaceOrientationLandscapeLeft UIInterfaceOrientationLandscapeRight";
				LD_RUNPATH_SEARCH_PATHS = (
					"$(inherited)",
					"@executable_path/Frameworks",
				);
				MARKETING_VERSION = 1.0;
				PRODUCT_BUNDLE_IDENTIFIER = "com.sgome121.instagram-codepath";
				PRODUCT_NAME = "$(TARGET_NAME)";
				SWIFT_EMIT_LOC_STRINGS = YES;
				SWIFT_VERSION = 5.0;
				TARGETED_DEVICE_FAMILY = "1,2";
			};
			name = Debug;
		};
		9E2CC7A128F5E15F00441A2E /* Release */ = {
			isa = XCBuildConfiguration;
			baseConfigurationReference = C76338649E7645D99CC35342 /* Pods-instagram_codepath.release.xcconfig */;
			buildSettings = {
				ASSETCATALOG_COMPILER_APPICON_NAME = AppIcon;
				ASSETCATALOG_COMPILER_GLOBAL_ACCENT_COLOR_NAME = AccentColor;
				CODE_SIGN_STYLE = Automatic;
				CURRENT_PROJECT_VERSION = 1;
				DEVELOPMENT_TEAM = B97G3S8YUD;
				GENERATE_INFOPLIST_FILE = YES;
				INFOPLIST_FILE = instagram_codepath/Info.plist;
				INFOPLIST_KEY_UIApplicationSupportsIndirectInputEvents = YES;
				INFOPLIST_KEY_UILaunchStoryboardName = LaunchScreen;
				INFOPLIST_KEY_UIMainStoryboardFile = Main;
				INFOPLIST_KEY_UISupportedInterfaceOrientations_iPad = "UIInterfaceOrientationPortrait UIInterfaceOrientationPortraitUpsideDown UIInterfaceOrientationLandscapeLeft UIInterfaceOrientationLandscapeRight";
				INFOPLIST_KEY_UISupportedInterfaceOrientations_iPhone = "UIInterfaceOrientationPortrait UIInterfaceOrientationLandscapeLeft UIInterfaceOrientationLandscapeRight";
				LD_RUNPATH_SEARCH_PATHS = (
					"$(inherited)",
					"@executable_path/Frameworks",
				);
				MARKETING_VERSION = 1.0;
				PRODUCT_BUNDLE_IDENTIFIER = "com.sgome121.instagram-codepath";
				PRODUCT_NAME = "$(TARGET_NAME)";
				SWIFT_EMIT_LOC_STRINGS = YES;
				SWIFT_VERSION = 5.0;
				TARGETED_DEVICE_FAMILY = "1,2";
			};
			name = Release;
		};
/* End XCBuildConfiguration section */

/* Begin XCConfigurationList section */
		9E2CC78628F5E15A00441A2E /* Build configuration list for PBXProject "instagram_codepath" */ = {
			isa = XCConfigurationList;
			buildConfigurations = (
				9E2CC79D28F5E15F00441A2E /* Debug */,
				9E2CC79E28F5E15F00441A2E /* Release */,
			);
			defaultConfigurationIsVisible = 0;
			defaultConfigurationName = Release;
		};
		9E2CC79F28F5E15F00441A2E /* Build configuration list for PBXNativeTarget "instagram_codepath" */ = {
			isa = XCConfigurationList;
			buildConfigurations = (
				9E2CC7A028F5E15F00441A2E /* Debug */,
				9E2CC7A128F5E15F00441A2E /* Release */,
			);
			defaultConfigurationIsVisible = 0;
			defaultConfigurationName = Release;
		};
/* End XCConfigurationList section */
	};
	rootObject = 9E2CC78328F5E15A00441A2E /* Project object */;
}
